// !$*UTF8*$!
{
	archiveVersion = 1;
	classes = {
	};
	objectVersion = 50;
	objects = {

/* Begin PBXBuildFile section */
		D9316EF521B05F92001E2663 /* AppDelegate.swift in Sources */ = {isa = PBXBuildFile; fileRef = D9316EF421B05F92001E2663 /* AppDelegate.swift */; };
		D9316EF721B05F92001E2663 /* ViewController.swift in Sources */ = {isa = PBXBuildFile; fileRef = D9316EF621B05F92001E2663 /* ViewController.swift */; };
		D9316EFA21B05F92001E2663 /* Main.storyboard in Resources */ = {isa = PBXBuildFile; fileRef = D9316EF821B05F92001E2663 /* Main.storyboard */; };
		D9316EFC21B05F92001E2663 /* Assets.xcassets in Resources */ = {isa = PBXBuildFile; fileRef = D9316EFB21B05F92001E2663 /* Assets.xcassets */; };
		D9316EFF21B05F92001E2663 /* LaunchScreen.storyboard in Resources */ = {isa = PBXBuildFile; fileRef = D9316EFD21B05F92001E2663 /* LaunchScreen.storyboard */; };
		D9316F0A21B05F92001E2663 /* MOART_SITests.swift in Sources */ = {isa = PBXBuildFile; fileRef = D9316F0921B05F92001E2663 /* MOART_SITests.swift */; };
		D9316F1521B05F92001E2663 /* MOART_SIUITests.swift in Sources */ = {isa = PBXBuildFile; fileRef = D9316F1421B05F92001E2663 /* MOART_SIUITests.swift */; };
		D9316F2321B05FB5001E2663 /* gio.png in Resources */ = {isa = PBXBuildFile; fileRef = D9316F2221B05FB5001E2663 /* gio.png */; };
		D9316F2521B06158001E2663 /* giocirculo.png in Resources */ = {isa = PBXBuildFile; fileRef = D9316F2421B06157001E2663 /* giocirculo.png */; };
/* End PBXBuildFile section */

/* Begin PBXContainerItemProxy section */
		D9316F0621B05F92001E2663 /* PBXContainerItemProxy */ = {
			isa = PBXContainerItemProxy;
			containerPortal = D9316EE921B05F92001E2663 /* Project object */;
			proxyType = 1;
			remoteGlobalIDString = D9316EF021B05F92001E2663;
			remoteInfo = "MOART SI";
		};
		D9316F1121B05F92001E2663 /* PBXContainerItemProxy */ = {
			isa = PBXContainerItemProxy;
			containerPortal = D9316EE921B05F92001E2663 /* Project object */;
			proxyType = 1;
			remoteGlobalIDString = D9316EF021B05F92001E2663;
			remoteInfo = "MOART SI";
		};
/* End PBXContainerItemProxy section */

/* Begin PBXFileReference section */
		D9316EF121B05F92001E2663 /* MOART SI.app */ = {isa = PBXFileReference; explicitFileType = wrapper.application; includeInIndex = 0; path = "MOART SI.app"; sourceTree = BUILT_PRODUCTS_DIR; };
		D9316EF421B05F92001E2663 /* AppDelegate.swift */ = {isa = PBXFileReference; lastKnownFileType = sourcecode.swift; path = AppDelegate.swift; sourceTree = "<group>"; };
		D9316EF621B05F92001E2663 /* ViewController.swift */ = {isa = PBXFileReference; lastKnownFileType = sourcecode.swift; path = ViewController.swift; sourceTree = "<group>"; };
		D9316EF921B05F92001E2663 /* Base */ = {isa = PBXFileReference; lastKnownFileType = file.storyboard; name = Base; path = Base.lproj/Main.storyboard; sourceTree = "<group>"; };
		D9316EFB21B05F92001E2663 /* Assets.xcassets */ = {isa = PBXFileReference; lastKnownFileType = folder.assetcatalog; path = Assets.xcassets; sourceTree = "<group>"; };
		D9316EFE21B05F92001E2663 /* Base */ = {isa = PBXFileReference; lastKnownFileType = file.storyboard; name = Base; path = Base.lproj/LaunchScreen.storyboard; sourceTree = "<group>"; };
		D9316F0021B05F92001E2663 /* Info.plist */ = {isa = PBXFileReference; lastKnownFileType = text.plist.xml; path = Info.plist; sourceTree = "<group>"; };
		D9316F0521B05F92001E2663 /* MOART SITests.xctest */ = {isa = PBXFileReference; explicitFileType = wrapper.cfbundle; includeInIndex = 0; path = "MOART SITests.xctest"; sourceTree = BUILT_PRODUCTS_DIR; };
		D9316F0921B05F92001E2663 /* MOART_SITests.swift */ = {isa = PBXFileReference; lastKnownFileType = sourcecode.swift; path = MOART_SITests.swift; sourceTree = "<group>"; };
		D9316F0B21B05F92001E2663 /* Info.plist */ = {isa = PBXFileReference; lastKnownFileType = text.plist.xml; path = Info.plist; sourceTree = "<group>"; };
		D9316F1021B05F92001E2663 /* MOART SIUITests.xctest */ = {isa = PBXFileReference; explicitFileType = wrapper.cfbundle; includeInIndex = 0; path = "MOART SIUITests.xctest"; sourceTree = BUILT_PRODUCTS_DIR; };
		D9316F1421B05F92001E2663 /* MOART_SIUITests.swift */ = {isa = PBXFileReference; lastKnownFileType = sourcecode.swift; path = MOART_SIUITests.swift; sourceTree = "<group>"; };
		D9316F1621B05F92001E2663 /* Info.plist */ = {isa = PBXFileReference; lastKnownFileType = text.plist.xml; path = Info.plist; sourceTree = "<group>"; };
		D9316F2221B05FB5001E2663 /* gio.png */ = {isa = PBXFileReference; lastKnownFileType = image.png; path = gio.png; sourceTree = "<group>"; };
		D9316F2421B06157001E2663 /* giocirculo.png */ = {isa = PBXFileReference; lastKnownFileType = image.png; path = giocirculo.png; sourceTree = "<group>"; };
		D9316F2721B06ADF001E2663 /* Brisk-Pro Thin.otf */ = {isa = PBXFileReference; lastKnownFileType = file; path = "Brisk-Pro Thin.otf"; sourceTree = "<group>"; };
		D9316F2821B06ADF001E2663 /* Brisk-Pro Light.otf */ = {isa = PBXFileReference; lastKnownFileType = file; path = "Brisk-Pro Light.otf"; sourceTree = "<group>"; };
/* End PBXFileReference section */

/* Begin PBXFrameworksBuildPhase section */
		D9316EEE21B05F92001E2663 /* Frameworks */ = {
			isa = PBXFrameworksBuildPhase;
			buildActionMask = 2147483647;
			files = (
			);
			runOnlyForDeploymentPostprocessing = 0;
		};
		D9316F0221B05F92001E2663 /* Frameworks */ = {
			isa = PBXFrameworksBuildPhase;
			buildActionMask = 2147483647;
			files = (
			);
			runOnlyForDeploymentPostprocessing = 0;
		};
		D9316F0D21B05F92001E2663 /* Frameworks */ = {
			isa = PBXFrameworksBuildPhase;
			buildActionMask = 2147483647;
			files = (
			);
			runOnlyForDeploymentPostprocessing = 0;
		};
/* End PBXFrameworksBuildPhase section */

/* Begin PBXGroup section */
		D9316EE821B05F92001E2663 = {
			isa = PBXGroup;
			children = (
				D9316EF321B05F92001E2663 /* MOART SI */,
				D9316F0821B05F92001E2663 /* MOART SITests */,
				D9316F1321B05F92001E2663 /* MOART SIUITests */,
				D9316EF221B05F92001E2663 /* Products */,
			);
			sourceTree = "<group>";
		};
		D9316EF221B05F92001E2663 /* Products */ = {
			isa = PBXGroup;
			children = (
				D9316EF121B05F92001E2663 /* MOART SI.app */,
				D9316F0521B05F92001E2663 /* MOART SITests.xctest */,
				D9316F1021B05F92001E2663 /* MOART SIUITests.xctest */,
			);
			name = Products;
			sourceTree = "<group>";
		};
		D9316EF321B05F92001E2663 /* MOART SI */ = {
			isa = PBXGroup;
			children = (
				D9316F2621B06A40001E2663 /* Fuentes */,
				D9316EF421B05F92001E2663 /* AppDelegate.swift */,
				D9316EF621B05F92001E2663 /* ViewController.swift */,
				D9316F2221B05FB5001E2663 /* gio.png */,
				D9316F2421B06157001E2663 /* giocirculo.png */,
				D9316EF821B05F92001E2663 /* Main.storyboard */,
				D9316EFB21B05F92001E2663 /* Assets.xcassets */,
				D9316EFD21B05F92001E2663 /* LaunchScreen.storyboard */,
				D9316F0021B05F92001E2663 /* Info.plist */,
			);
			path = "MOART SI";
			sourceTree = "<group>";
		};
		D9316F0821B05F92001E2663 /* MOART SITests */ = {
			isa = PBXGroup;
			children = (
				D9316F0921B05F92001E2663 /* MOART_SITests.swift */,
				D9316F0B21B05F92001E2663 /* Info.plist */,
			);
			path = "MOART SITests";
			sourceTree = "<group>";
		};
		D9316F1321B05F92001E2663 /* MOART SIUITests */ = {
			isa = PBXGroup;
			children = (
				D9316F1421B05F92001E2663 /* MOART_SIUITests.swift */,
				D9316F1621B05F92001E2663 /* Info.plist */,
			);
			path = "MOART SIUITests";
			sourceTree = "<group>";
		};
		D9316F2621B06A40001E2663 /* Fuentes */ = {
			isa = PBXGroup;
			children = (
				D9316F2821B06ADF001E2663 /* Brisk-Pro Light.otf */,
				D9316F2721B06ADF001E2663 /* Brisk-Pro Thin.otf */,
			);
			path = Fuentes;
			sourceTree = "<group>";
		};
/* End PBXGroup section */

/* Begin PBXNativeTarget section */
		D9316EF021B05F92001E2663 /* MOART SI */ = {
			isa = PBXNativeTarget;
			buildConfigurationList = D9316F1921B05F92001E2663 /* Build configuration list for PBXNativeTarget "MOART SI" */;
			buildPhases = (
				D9316EED21B05F92001E2663 /* Sources */,
				D9316EEE21B05F92001E2663 /* Frameworks */,
				D9316EEF21B05F92001E2663 /* Resources */,
			);
			buildRules = (
			);
			dependencies = (
			);
			name = "MOART SI";
			productName = "MOART SI";
			productReference = D9316EF121B05F92001E2663 /* MOART SI.app */;
			productType = "com.apple.product-type.application";
		};
		D9316F0421B05F92001E2663 /* MOART SITests */ = {
			isa = PBXNativeTarget;
			buildConfigurationList = D9316F1C21B05F92001E2663 /* Build configuration list for PBXNativeTarget "MOART SITests" */;
			buildPhases = (
				D9316F0121B05F92001E2663 /* Sources */,
				D9316F0221B05F92001E2663 /* Frameworks */,
				D9316F0321B05F92001E2663 /* Resources */,
			);
			buildRules = (
			);
			dependencies = (
				D9316F0721B05F92001E2663 /* PBXTargetDependency */,
			);
			name = "MOART SITests";
			productName = "MOART SITests";
			productReference = D9316F0521B05F92001E2663 /* MOART SITests.xctest */;
			productType = "com.apple.product-type.bundle.unit-test";
		};
		D9316F0F21B05F92001E2663 /* MOART SIUITests */ = {
			isa = PBXNativeTarget;
			buildConfigurationList = D9316F1F21B05F92001E2663 /* Build configuration list for PBXNativeTarget "MOART SIUITests" */;
			buildPhases = (
				D9316F0C21B05F92001E2663 /* Sources */,
				D9316F0D21B05F92001E2663 /* Frameworks */,
				D9316F0E21B05F92001E2663 /* Resources */,
			);
			buildRules = (
			);
			dependencies = (
				D9316F1221B05F92001E2663 /* PBXTargetDependency */,
			);
			name = "MOART SIUITests";
			productName = "MOART SIUITests";
			productReference = D9316F1021B05F92001E2663 /* MOART SIUITests.xctest */;
			productType = "com.apple.product-type.bundle.ui-testing";
		};
/* End PBXNativeTarget section */

/* Begin PBXProject section */
		D9316EE921B05F92001E2663 /* Project object */ = {
			isa = PBXProject;
			attributes = {
				LastSwiftUpdateCheck = 1010;
				LastUpgradeCheck = 1010;
				ORGANIZATIONNAME = "Yolanda Tortosa Sanz";
				TargetAttributes = {
					D9316EF021B05F92001E2663 = {
						CreatedOnToolsVersion = 10.1;
					};
					D9316F0421B05F92001E2663 = {
						CreatedOnToolsVersion = 10.1;
						TestTargetID = D9316EF021B05F92001E2663;
					};
					D9316F0F21B05F92001E2663 = {
						CreatedOnToolsVersion = 10.1;
						TestTargetID = D9316EF021B05F92001E2663;
					};
				};
			};
			buildConfigurationList = D9316EEC21B05F92001E2663 /* Build configuration list for PBXProject "MOART SI" */;
			compatibilityVersion = "Xcode 9.3";
			developmentRegion = en;
			hasScannedForEncodings = 0;
			knownRegions = (
				en,
				Base,
			);
			mainGroup = D9316EE821B05F92001E2663;
			productRefGroup = D9316EF221B05F92001E2663 /* Products */;
			projectDirPath = "";
			projectRoot = "";
			targets = (
				D9316EF021B05F92001E2663 /* MOART SI */,
				D9316F0421B05F92001E2663 /* MOART SITests */,
				D9316F0F21B05F92001E2663 /* MOART SIUITests */,
			);
		};
/* End PBXProject section */

/* Begin PBXResourcesBuildPhase section */
		D9316EEF21B05F92001E2663 /* Resources */ = {
			isa = PBXResourcesBuildPhase;
			buildActionMask = 2147483647;
			files = (
				D9316F2521B06158001E2663 /* giocirculo.png in Resources */,
				D9316EFF21B05F92001E2663 /* LaunchScreen.storyboard in Resources */,
				D9316F2321B05FB5001E2663 /* gio.png in Resources */,
				D9316EFC21B05F92001E2663 /* Assets.xcassets in Resources */,
				D9316EFA21B05F92001E2663 /* Main.storyboard in Resources */,
			);
			runOnlyForDeploymentPostprocessing = 0;
		};
		D9316F0321B05F92001E2663 /* Resources */ = {
			isa = PBXResourcesBuildPhase;
			buildActionMask = 2147483647;
			files = (
			);
			runOnlyForDeploymentPostprocessing = 0;
		};
		D9316F0E21B05F92001E2663 /* Resources */ = {
			isa = PBXResourcesBuildPhase;
			buildActionMask = 2147483647;
			files = (
			);
			runOnlyForDeploymentPostprocessing = 0;
		};
/* End PBXResourcesBuildPhase section */

/* Begin PBXSourcesBuildPhase section */
		D9316EED21B05F92001E2663 /* Sources */ = {
			isa = PBXSourcesBuildPhase;
			buildActionMask = 2147483647;
			files = (
				D9316EF721B05F92001E2663 /* ViewController.swift in Sources */,
				D9316EF521B05F92001E2663 /* AppDelegate.swift in Sources */,
			);
			runOnlyForDeploymentPostprocessing = 0;
		};
		D9316F0121B05F92001E2663 /* Sources */ = {
			isa = PBXSourcesBuildPhase;
			buildActionMask = 2147483647;
			files = (
				D9316F0A21B05F92001E2663 /* MOART_SITests.swift in Sources */,
			);
			runOnlyForDeploymentPostprocessing = 0;
		};
		D9316F0C21B05F92001E2663 /* Sources */ = {
			isa = PBXSourcesBuildPhase;
			buildActionMask = 2147483647;
			files = (
				D9316F1521B05F92001E2663 /* MOART_SIUITests.swift in Sources */,
			);
			runOnlyForDeploymentPostprocessing = 0;
		};
/* End PBXSourcesBuildPhase section */

/* Begin PBXTargetDependency section */
		D9316F0721B05F92001E2663 /* PBXTargetDependency */ = {
			isa = PBXTargetDependency;
			target = D9316EF021B05F92001E2663 /* MOART SI */;
			targetProxy = D9316F0621B05F92001E2663 /* PBXContainerItemProxy */;
		};
		D9316F1221B05F92001E2663 /* PBXTargetDependency */ = {
			isa = PBXTargetDependency;
			target = D9316EF021B05F92001E2663 /* MOART SI */;
			targetProxy = D9316F1121B05F92001E2663 /* PBXContainerItemProxy */;
		};
/* End PBXTargetDependency section */

/* Begin PBXVariantGroup section */
		D9316EF821B05F92001E2663 /* Main.storyboard */ = {
			isa = PBXVariantGroup;
			children = (
				D9316EF921B05F92001E2663 /* Base */,
			);
			name = Main.storyboard;
			sourceTree = "<group>";
		};
		D9316EFD21B05F92001E2663 /* LaunchScreen.storyboard */ = {
			isa = PBXVariantGroup;
			children = (
				D9316EFE21B05F92001E2663 /* Base */,
			);
			name = LaunchScreen.storyboard;
			sourceTree = "<group>";
		};
/* End PBXVariantGroup section */

/* Begin XCBuildConfiguration section */
		D9316F1721B05F92001E2663 /* Debug */ = {
			isa = XCBuildConfiguration;
			buildSettings = {
				ALWAYS_SEARCH_USER_PATHS = NO;
				CLANG_ANALYZER_NONNULL = YES;
				CLANG_ANALYZER_NUMBER_OBJECT_CONVERSION = YES_AGGRESSIVE;
				CLANG_CXX_LANGUAGE_STANDARD = "gnu++14";
				CLANG_CXX_LIBRARY = "libc++";
				CLANG_ENABLE_MODULES = YES;
				CLANG_ENABLE_OBJC_ARC = YES;
				CLANG_ENABLE_OBJC_WEAK = YES;
				CLANG_WARN_BLOCK_CAPTURE_AUTORELEASING = YES;
				CLANG_WARN_BOOL_CONVERSION = YES;
				CLANG_WARN_COMMA = YES;
				CLANG_WARN_CONSTANT_CONVERSION = YES;
				CLANG_WARN_DEPRECATED_OBJC_IMPLEMENTATIONS = YES;
				CLANG_WARN_DIRECT_OBJC_ISA_USAGE = YES_ERROR;
				CLANG_WARN_DOCUMENTATION_COMMENTS = YES;
				CLANG_WARN_EMPTY_BODY = YES;
				CLANG_WARN_ENUM_CONVERSION = YES;
				CLANG_WARN_INFINITE_RECURSION = YES;
				CLANG_WARN_INT_CONVERSION = YES;
				CLANG_WARN_NON_LITERAL_NULL_CONVERSION = YES;
				CLANG_WARN_OBJC_IMPLICIT_RETAIN_SELF = YES;
				CLANG_WARN_OBJC_LITERAL_CONVERSION = YES;
				CLANG_WARN_OBJC_ROOT_CLASS = YES_ERROR;
				CLANG_WARN_RANGE_LOOP_ANALYSIS = YES;
				CLANG_WARN_STRICT_PROTOTYPES = YES;
				CLANG_WARN_SUSPICIOUS_MOVE = YES;
				CLANG_WARN_UNGUARDED_AVAILABILITY = YES_AGGRESSIVE;
				CLANG_WARN_UNREACHABLE_CODE = YES;
				CLANG_WARN__DUPLICATE_METHOD_MATCH = YES;
				CODE_SIGN_IDENTITY = "iPhone Developer";
				COPY_PHASE_STRIP = NO;
				DEBUG_INFORMATION_FORMAT = dwarf;
				ENABLE_STRICT_OBJC_MSGSEND = YES;
				ENABLE_TESTABILITY = YES;
				GCC_C_LANGUAGE_STANDARD = gnu11;
				GCC_DYNAMIC_NO_PIC = NO;
				GCC_NO_COMMON_BLOCKS = YES;
				GCC_OPTIMIZATION_LEVEL = 0;
				GCC_PREPROCESSOR_DEFINITIONS = (
					"DEBUG=1",
					"$(inherited)",
				);
				GCC_WARN_64_TO_32_BIT_CONVERSION = YES;
				GCC_WARN_ABOUT_RETURN_TYPE = YES_ERROR;
				GCC_WARN_UNDECLARED_SELECTOR = YES;
				GCC_WARN_UNINITIALIZED_AUTOS = YES_AGGRESSIVE;
				GCC_WARN_UNUSED_FUNCTION = YES;
				GCC_WARN_UNUSED_VARIABLE = YES;
				IPHONEOS_DEPLOYMENT_TARGET = 12.1;
				MTL_ENABLE_DEBUG_INFO = INCLUDE_SOURCE;
				MTL_FAST_MATH = YES;
				ONLY_ACTIVE_ARCH = YES;
				SDKROOT = iphoneos;
				SWIFT_ACTIVE_COMPILATION_CONDITIONS = DEBUG;
				SWIFT_OPTIMIZATION_LEVEL = "-Onone";
			};
			name = Debug;
		};
		D9316F1821B05F92001E2663 /* Release */ = {
			isa = XCBuildConfiguration;
			buildSettings = {
				ALWAYS_SEARCH_USER_PATHS = NO;
				CLANG_ANALYZER_NONNULL = YES;
				CLANG_ANALYZER_NUMBER_OBJECT_CONVERSION = YES_AGGRESSIVE;
				CLANG_CXX_LANGUAGE_STANDARD = "gnu++14";
				CLANG_CXX_LIBRARY = "libc++";
				CLANG_ENABLE_MODULES = YES;
				CLANG_ENABLE_OBJC_ARC = YES;
				CLANG_ENABLE_OBJC_WEAK = YES;
				CLANG_WARN_BLOCK_CAPTURE_AUTORELEASING = YES;
				CLANG_WARN_BOOL_CONVERSION = YES;
				CLANG_WARN_COMMA = YES;
				CLANG_WARN_CONSTANT_CONVERSION = YES;
				CLANG_WARN_DEPRECATED_OBJC_IMPLEMENTATIONS = YES;
				CLANG_WARN_DIRECT_OBJC_ISA_USAGE = YES_ERROR;
				CLANG_WARN_DOCUMENTATION_COMMENTS = YES;
				CLANG_WARN_EMPTY_BODY = YES;
				CLANG_WARN_ENUM_CONVERSION = YES;
				CLANG_WARN_INFINITE_RECURSION = YES;
				CLANG_WARN_INT_CONVERSION = YES;
				CLANG_WARN_NON_LITERAL_NULL_CONVERSION = YES;
				CLANG_WARN_OBJC_IMPLICIT_RETAIN_SELF = YES;
				CLANG_WARN_OBJC_LITERAL_CONVERSION = YES;
				CLANG_WARN_OBJC_ROOT_CLASS = YES_ERROR;
				CLANG_WARN_RANGE_LOOP_ANALYSIS = YES;
				CLANG_WARN_STRICT_PROTOTYPES = YES;
				CLANG_WARN_SUSPICIOUS_MOVE = YES;
				CLANG_WARN_UNGUARDED_AVAILABILITY = YES_AGGRESSIVE;
				CLANG_WARN_UNREACHABLE_CODE = YES;
				CLANG_WARN__DUPLICATE_METHOD_MATCH = YES;
				CODE_SIGN_IDENTITY = "iPhone Developer";
				COPY_PHASE_STRIP = NO;
				DEBUG_INFORMATION_FORMAT = "dwarf-with-dsym";
				ENABLE_NS_ASSERTIONS = NO;
				ENABLE_STRICT_OBJC_MSGSEND = YES;
				GCC_C_LANGUAGE_STANDARD = gnu11;
				GCC_NO_COMMON_BLOCKS = YES;
				GCC_WARN_64_TO_32_BIT_CONVERSION = YES;
				GCC_WARN_ABOUT_RETURN_TYPE = YES_ERROR;
				GCC_WARN_UNDECLARED_SELECTOR = YES;
				GCC_WARN_UNINITIALIZED_AUTOS = YES_AGGRESSIVE;
				GCC_WARN_UNUSED_FUNCTION = YES;
				GCC_WARN_UNUSED_VARIABLE = YES;
				IPHONEOS_DEPLOYMENT_TARGET = 12.1;
				MTL_ENABLE_DEBUG_INFO = NO;
				MTL_FAST_MATH = YES;
				SDKROOT = iphoneos;
				SWIFT_COMPILATION_MODE = wholemodule;
				SWIFT_OPTIMIZATION_LEVEL = "-O";
				VALIDATE_PRODUCT = YES;
			};
			name = Release;
		};
		D9316F1A21B05F92001E2663 /* Debug */ = {
			isa = XCBuildConfiguration;
			buildSettings = {
				ASSETCATALOG_COMPILER_APPICON_NAME = AppIcon;
				CODE_SIGN_STYLE = Automatic;
				INFOPLIST_FILE = "MOART SI/Info.plist";
				LD_RUNPATH_SEARCH_PATHS = (
					"$(inherited)",
					"@executable_path/Frameworks",
				);
				PRODUCT_BUNDLE_IDENTIFIER = "apps.MOART-SI";
				PRODUCT_NAME = "$(TARGET_NAME)";
				SWIFT_VERSION = 4.2;
				TARGETED_DEVICE_FAMILY = "1,2";
			};
			name = Debug;
		};
		D9316F1B21B05F92001E2663 /* Release */ = {
			isa = XCBuildConfiguration;
			buildSettings = {
				ASSETCATALOG_COMPILER_APPICON_NAME = AppIcon;
				CODE_SIGN_STYLE = Automatic;
				INFOPLIST_FILE = "MOART SI/Info.plist";
				LD_RUNPATH_SEARCH_PATHS = (
					"$(inherited)",
					"@executable_path/Frameworks",
				);
				PRODUCT_BUNDLE_IDENTIFIER = "apps.MOART-SI";
				PRODUCT_NAME = "$(TARGET_NAME)";
				SWIFT_VERSION = 4.2;
				TARGETED_DEVICE_FAMILY = "1,2";
			};
			name = Release;
		};
		D9316F1D21B05F92001E2663 /* Debug */ = {
			isa = XCBuildConfiguration;
			buildSettings = {
				ALWAYS_EMBED_SWIFT_STANDARD_LIBRARIES = YES;
				BUNDLE_LOADER = "$(TEST_HOST)";
				CODE_SIGN_STYLE = Automatic;
				INFOPLIST_FILE = "MOART SITests/Info.plist";
				LD_RUNPATH_SEARCH_PATHS = (
					"$(inherited)",
					"@executable_path/Frameworks",
					"@loader_path/Frameworks",
				);
				PRODUCT_BUNDLE_IDENTIFIER = "apps.MOART-SITests";
				PRODUCT_NAME = "$(TARGET_NAME)";
				SWIFT_VERSION = 4.2;
				TARGETED_DEVICE_FAMILY = "1,2";
				TEST_HOST = "$(BUILT_PRODUCTS_DIR)/MOART SI.app/MOART SI";
			};
			name = Debug;
		};
		D9316F1E21B05F92001E2663 /* Release */ = {
			isa = XCBuildConfiguration;
			buildSettings = {
				ALWAYS_EMBED_SWIFT_STANDARD_LIBRARIES = YES;
				BUNDLE_LOADER = "$(TEST_HOST)";
				CODE_SIGN_STYLE = Automatic;
				INFOPLIST_FILE = "MOART SITests/Info.plist";
				LD_RUNPATH_SEARCH_PATHS = (
					"$(inherited)",
					"@executable_path/Frameworks",
					"@loader_path/Frameworks",
				);
				PRODUCT_BUNDLE_IDENTIFIER = "apps.MOART-SITests";
				PRODUCT_NAME = "$(TARGET_NAME)";
				SWIFT_VERSION = 4.2;
				TARGETED_DEVICE_FAMILY = "1,2";
				TEST_HOST = "$(BUILT_PRODUCTS_DIR)/MOART SI.app/MOART SI";
			};
			name = Release;
		};
		D9316F2021B05F92001E2663 /* Debug */ = {
			isa = XCBuildConfiguration;
			buildSettings = {
				ALWAYS_EMBED_SWIFT_STANDARD_LIBRARIES = YES;
				CODE_SIGN_STYLE = Automatic;
				INFOPLIST_FILE = "MOART SIUITests/Info.plist";
				LD_RUNPATH_SEARCH_PATHS = (
					"$(inherited)",
					"@executable_path/Frameworks",
					"@loader_path/Frameworks",
				);
				PRODUCT_BUNDLE_IDENTIFIER = "apps.MOART-SIUITests";
				PRODUCT_NAME = "$(TARGET_NAME)";
				SWIFT_VERSION = 4.2;
				TARGETED_DEVICE_FAMILY = "1,2";
				TEST_TARGET_NAME = "MOART SI";
			};
			name = Debug;
		};
		D9316F2121B05F92001E2663 /* Release */ = {
			isa = XCBuildConfiguration;
			buildSettings = {
				ALWAYS_EMBED_SWIFT_STANDARD_LIBRARIES = YES;
				CODE_SIGN_STYLE = Automatic;
				INFOPLIST_FILE = "MOART SIUITests/Info.plist";
				LD_RUNPATH_SEARCH_PATHS = (
					"$(inherited)",
					"@executable_path/Frameworks",
					"@loader_path/Frameworks",
				);
				PRODUCT_BUNDLE_IDENTIFIER = "apps.MOART-SIUITests";
				PRODUCT_NAME = "$(TARGET_NAME)";
				SWIFT_VERSION = 4.2;
				TARGETED_DEVICE_FAMILY = "1,2";
				TEST_TARGET_NAME = "MOART SI";
			};
			name = Release;
		};
/* End XCBuildConfiguration section */

/* Begin XCConfigurationList section */
		D9316EEC21B05F92001E2663 /* Build configuration list for PBXProject "MOART SI" */ = {
			isa = XCConfigurationList;
			buildConfigurations = (
				D9316F1721B05F92001E2663 /* Debug */,
				D9316F1821B05F92001E2663 /* Release */,
			);
			defaultConfigurationIsVisible = 0;
			defaultConfigurationName = Release;
		};
		D9316F1921B05F92001E2663 /* Build configuration list for PBXNativeTarget "MOART SI" */ = {
			isa = XCConfigurationList;
			buildConfigurations = (
				D9316F1A21B05F92001E2663 /* Debug */,
				D9316F1B21B05F92001E2663 /* Release */,
			);
			defaultConfigurationIsVisible = 0;
			defaultConfigurationName = Release;
		};
		D9316F1C21B05F92001E2663 /* Build configuration list for PBXNativeTarget "MOART SITests" */ = {
			isa = XCConfigurationList;
			buildConfigurations = (
				D9316F1D21B05F92001E2663 /* Debug */,
				D9316F1E21B05F92001E2663 /* Release */,
			);
			defaultConfigurationIsVisible = 0;
			defaultConfigurationName = Release;
		};
		D9316F1F21B05F92001E2663 /* Build configuration list for PBXNativeTarget "MOART SIUITests" */ = {
			isa = XCConfigurationList;
			buildConfigurations = (
				D9316F2021B05F92001E2663 /* Debug */,
				D9316F2121B05F92001E2663 /* Release */,
			);
			defaultConfigurationIsVisible = 0;
			defaultConfigurationName = Release;
		};
/* End XCConfigurationList section */
	};
	rootObject = D9316EE921B05F92001E2663 /* Project object */;
}
